
Microsoft Visual Studio Solution File, Format Version 12.00
# Visual Studio Version 16
VisualStudioVersion = 16.0.30114.105
MinimumVisualStudioVersion = 10.0.40219.1
Project("{9A19103F-16F7-4668-BE54-9A1E7A4F7556}") = "MoleculeSoftware.Packages.State", "MoleculeSoftware.Packages.State\MoleculeSoftware.Packages.State.csproj", "{BBE138A2-D20F-4C71-B339-FC58C0895526}"
EndProject
Global
	GlobalSection(SolutionConfigurationPlatforms) = preSolution
		Debug|Any CPU = Debug|Any CPU
		Debug|x64 = Debug|x64
		Debug|x86 = Debug|x86
		Release|Any CPU = Release|Any CPU
		Release|x64 = Release|x64
		Release|x86 = Release|x86
	EndGlobalSection
	GlobalSection(ProjectConfigurationPlatforms) = postSolution
		{BBE138A2-D20F-4C71-B339-FC58C0895526}.Debug|Any CPU.ActiveCfg = Debug|Any CPU
		{BBE138A2-D20F-4C71-B339-FC58C0895526}.Debug|Any CPU.Build.0 = Debug|Any CPU
		{BBE138A2-D20F-4C71-B339-FC58C0895526}.Debug|x64.ActiveCfg = Debug|Any CPU
		{BBE138A2-D20F-4C71-B339-FC58C0895526}.Debug|x64.Build.0 = Debug|Any CPU
		{BBE138A2-D20F-4C71-B339-FC58C0895526}.Debug|x86.ActiveCfg = Debug|Any CPU
		{BBE138A2-D20F-4C71-B339-FC58C0895526}.Debug|x86.Build.0 = Debug|Any CPU
		{BBE138A2-D20F-4C71-B339-FC58C0895526}.Release|Any CPU.ActiveCfg = Release|Any CPU
		{BBE138A2-D20F-4C71-B339-FC58C0895526}.Release|Any CPU.Build.0 = Release|Any CPU
		{BBE138A2-D20F-4C71-B339-FC58C0895526}.Release|x64.ActiveCfg = Release|Any CPU
		{BBE138A2-D20F-4C71-B339-FC58C0895526}.Release|x64.Build.0 = Release|Any CPU
		{BBE138A2-D20F-4C71-B339-FC58C0895526}.Release|x86.ActiveCfg = Release|Any CPU
		{BBE138A2-D20F-4C71-B339-FC58C0895526}.Release|x86.Build.0 = Release|Any CPU
	EndGlobalSection
	GlobalSection(SolutionProperties) = preSolution
		HideSolutionNode = FALSE
	EndGlobalSection
	GlobalSection(ExtensibilityGlobals) = postSolution
		SolutionGuid = {8B2FDF1F-6D7B-4535-88DB-DF3531F6E364}
	EndGlobalSection
EndGlobal
